
Microsoft Visual Studio Solution File, Format Version 12.00
# Visual Studio 15
VisualStudioVersion = 15.0.28307.421
MinimumVisualStudioVersion = 10.0.40219.1
Project("{FAE04EC0-301F-11D3-BF4B-00C04F79EFBC}") = "VSIXProject", "VSIXProject\VSIXProject.csproj", "{69538635-B46C-4D83-81D4-E863C1A48038}"
EndProject
Project("{FAE04EC0-301F-11D3-BF4B-00C04F79EFBC}") = "UnitTestProject", "UnitTestProject\UnitTestProject.csproj", "{D414D0D2-A6DA-41AF-87AB-972EB72C4A0B}"
EndProject
Global
	GlobalSection(SolutionConfigurationPlatforms) = preSolution
		Debug|Any CPU = Debug|Any CPU
		Release|Any CPU = Release|Any CPU
	EndGlobalSection
	GlobalSection(ProjectConfigurationPlatforms) = postSolution
		{69538635-B46C-4D83-81D4-E863C1A48038}.Debug|Any CPU.ActiveCfg = Debug|Any CPU
		{69538635-B46C-4D83-81D4-E863C1A48038}.Debug|Any CPU.Build.0 = Debug|Any CPU
		{69538635-B46C-4D83-81D4-E863C1A48038}.Release|Any CPU.ActiveCfg = Release|Any CPU
		{69538635-B46C-4D83-81D4-E863C1A48038}.Release|Any CPU.Build.0 = Release|Any CPU
		{D414D0D2-A6DA-41AF-87AB-972EB72C4A0B}.Debug|Any CPU.ActiveCfg = Debug|Any CPU
		{D414D0D2-A6DA-41AF-87AB-972EB72C4A0B}.Debug|Any CPU.Build.0 = Debug|Any CPU
		{D414D0D2-A6DA-41AF-87AB-972EB72C4A0B}.Release|Any CPU.ActiveCfg = Release|Any CPU
		{D414D0D2-A6DA-41AF-87AB-972EB72C4A0B}.Release|Any CPU.Build.0 = Release|Any CPU
	EndGlobalSection
	GlobalSection(SolutionProperties) = preSolution
		HideSolutionNode = FALSE
	EndGlobalSection
	GlobalSection(ExtensibilityGlobals) = postSolution
		SolutionGuid = {80C7BE78-099C-419F-A2AC-D6667CC060F5}
	EndGlobalSection
EndGlobal
